
Microsoft Visual Studio Solution File, Format Version 12.00
# Visual Studio Version 17
VisualStudioVersion = 17.2.32519.379
MinimumVisualStudioVersion = 10.0.40219.1
Project("{888888A0-9F3D-457C-B088-3A5042F75D52}") = "symbolserver", "symbolserver\symbolserver.pyproj", "{89596125-9397-4FDC-9EC0-860F91E2F3C8}"
EndProject
Global
	GlobalSection(SolutionConfigurationPlatforms) = preSolution
		Debug|Any CPU = Debug|Any CPU
		Release|Any CPU = Release|Any CPU
	EndGlobalSection
	GlobalSection(ProjectConfigurationPlatforms) = postSolution
		{89596125-9397-4FDC-9EC0-860F91E2F3C8}.Debug|Any CPU.ActiveCfg = Debug|Any CPU
		{89596125-9397-4FDC-9EC0-860F91E2F3C8}.Release|Any CPU.ActiveCfg = Release|Any CPU
	EndGlobalSection
	GlobalSection(SolutionProperties) = preSolution
		HideSolutionNode = FALSE
	EndGlobalSection
	GlobalSection(ExtensibilityGlobals) = postSolution
		SolutionGuid = {A4F9004C-287D-41EE-B924-BCFBE73CBC97}
	EndGlobalSection
EndGlobal
